<Solution>
  <Folder Name="/src/">
    <Project Path="src/BaseCleanArchitecture.Application/BaseCleanArchitecture.Application.csproj" />
    <Project Path="src/BaseCleanArchitecture.Contract/BaseCleanArchitecture.Contract.csproj" />
    <Project Path="src/BaseCleanArchitecture.Domain/BaseCleanArchitecture.Domain.csproj" />
    <Project Path="src/BaseCleanArchitecture.Infrastructure/BaseCleanArchitecture.Infrastructure.csproj" />
    <Project Path="src/BaseCleanArchitecture.Persistence/BaseCleanArchitecture.Persistence.csproj" />
    <Project Path="src/BaseCleanArchitecture.WebAPI/BaseCleanArchitecture.WebAPI.csproj" />
  </Folder>
</Solution>
