<Solution>
  <Folder Name="/src/">
    <Project Path="BaseCleanArchitecture.Application/BaseCleanArchitecture.Application.csproj" />
    <Project Path="BaseCleanArchitecture.Contract/BaseCleanArchitecture.Contract.csproj" />
    <Project Path="BaseCleanArchitecture.Domain/BaseCleanArchitecture.Domain.csproj" />
    <Project Path="BaseCleanArchitecture.Infrastructure/BaseCleanArchitecture.Infrastructure.csproj" />
    <Project Path="BaseCleanArchitecture.Persistence/BaseCleanArchitecture.Persistence.csproj" />
    <Project Path="BaseCleanArchitecture.WebAPI/BaseCleanArchitecture.WebAPI.csproj" />
  </Folder>
</Solution>
